
Microsoft Visual Studio Solution File, Format Version 12.00
# Visual Studio Version 17
VisualStudioVersion = 17.13.35825.156 d17.13
MinimumVisualStudioVersion = 10.0.40219.1
Project("{FAE04EC0-301F-11D3-BF4B-00C04F79EFBC}") = "ClockRunner", "ClockRunner.csproj", "{FFBDE993-8678-4DE1-8A76-F2645C82AD9A}"
EndProject
Global
	GlobalSection(SolutionConfigurationPlatforms) = preSolution
		Debug|Any CPU = Debug|Any CPU
		Release|Any CPU = Release|Any CPU
	EndGlobalSection
	GlobalSection(ProjectConfigurationPlatforms) = postSolution
		{FFBDE993-8678-4DE1-8A76-F2645C82AD9A}.Debug|Any CPU.ActiveCfg = Debug|Any CPU
		{FFBDE993-8678-4DE1-8A76-F2645C82AD9A}.Debug|Any CPU.Build.0 = Debug|Any CPU
		{FFBDE993-8678-4DE1-8A76-F2645C82AD9A}.Release|Any CPU.ActiveCfg = Release|Any CPU
		{FFBDE993-8678-4DE1-8A76-F2645C82AD9A}.Release|Any CPU.Build.0 = Release|Any CPU
	EndGlobalSection
	GlobalSection(SolutionProperties) = preSolution
		HideSolutionNode = FALSE
	EndGlobalSection
	GlobalSection(ExtensibilityGlobals) = postSolution
		SolutionGuid = {F509AD64-8F14-4405-8125-D1796304CE89}
	EndGlobalSection
EndGlobal
